// !$*UTF8*$!
{
	archiveVersion = 1;
	classes = {
	};
	objectVersion = 51;
	objects = {

/* Begin PBXBuildFile section */
		0639FBD10DD509E20F29E068 /* Pods_CrazyText_CrazyTextUITests.framework in Frameworks */ = {isa = PBXBuildFile; fileRef = 7419775B09817870DE4CE976 /* Pods_CrazyText_CrazyTextUITests.framework */; };
		09695C57941F0D5264A237C4 /* Pods_CrazyText.framework in Frameworks */ = {isa = PBXBuildFile; fileRef = 561E0F77A9D723C24E6A3B48 /* Pods_CrazyText.framework */; };
		7F010E88246AE714008D3DD1 /* DatabaseManager.swift in Sources */ = {isa = PBXBuildFile; fileRef = 7F010E87246AE714008D3DD1 /* DatabaseManager.swift */; };
		7F010E8D246AEFF9008D3DD1 /* GramTable.swift in Sources */ = {isa = PBXBuildFile; fileRef = 7F010E8C246AEFF9008D3DD1 /* GramTable.swift */; };
		7F010E8F246BE0A4008D3DD1 /* GramTableAdapter.swift in Sources */ = {isa = PBXBuildFile; fileRef = 7F010E8E246BE0A4008D3DD1 /* GramTableAdapter.swift */; };
		7F010E9F246C0FDD008D3DD1 /* AppManager.swift in Sources */ = {isa = PBXBuildFile; fileRef = 7F010E9E246C0FDD008D3DD1 /* AppManager.swift */; };
		7F010EA2246C1BF5008D3DD1 /* LoadDataViewController.swift in Sources */ = {isa = PBXBuildFile; fileRef = 7F010EA1246C1BF5008D3DD1 /* LoadDataViewController.swift */; };
		7F010EA4246C1D13008D3DD1 /* Gram.swift in Sources */ = {isa = PBXBuildFile; fileRef = 7F010EA3246C1D13008D3DD1 /* Gram.swift */; };
		7F975ABB24695ADC0050C98B /* AppDelegate.swift in Sources */ = {isa = PBXBuildFile; fileRef = 7F975ABA24695ADC0050C98B /* AppDelegate.swift */; };
		7F975ABD24695ADC0050C98B /* SceneDelegate.swift in Sources */ = {isa = PBXBuildFile; fileRef = 7F975ABC24695ADC0050C98B /* SceneDelegate.swift */; };
		7F975ABF24695ADC0050C98B /* ViewController.swift in Sources */ = {isa = PBXBuildFile; fileRef = 7F975ABE24695ADC0050C98B /* ViewController.swift */; };
		7F975AC224695ADC0050C98B /* Main.storyboard in Resources */ = {isa = PBXBuildFile; fileRef = 7F975AC024695ADC0050C98B /* Main.storyboard */; };
		7F975AC424695ADE0050C98B /* Assets.xcassets in Resources */ = {isa = PBXBuildFile; fileRef = 7F975AC324695ADE0050C98B /* Assets.xcassets */; };
		7F975AC724695ADE0050C98B /* LaunchScreen.storyboard in Resources */ = {isa = PBXBuildFile; fileRef = 7F975AC524695ADE0050C98B /* LaunchScreen.storyboard */; };
		7F975AD224695ADE0050C98B /* CrazyTextTests.swift in Sources */ = {isa = PBXBuildFile; fileRef = 7F975AD124695ADE0050C98B /* CrazyTextTests.swift */; };
		7F975ADD24695ADE0050C98B /* CrazyTextUITests.swift in Sources */ = {isa = PBXBuildFile; fileRef = 7F975ADC24695ADE0050C98B /* CrazyTextUITests.swift */; };
		7F975AEC246966230050C98B /* SuggestionView.swift in Sources */ = {isa = PBXBuildFile; fileRef = 7F975AEB246966230050C98B /* SuggestionView.swift */; };
		7FA95D99246D305A002E366A /* SuggestionLabel.swift in Sources */ = {isa = PBXBuildFile; fileRef = 7FA95D98246D305A002E366A /* SuggestionLabel.swift */; };
		7FA95D9C246D6D19002E366A /* SoundURL.swift in Sources */ = {isa = PBXBuildFile; fileRef = 7FA95D9B246D6D19002E366A /* SoundURL.swift */; };
		7FA95D9F246D7609002E366A /* ChatTableViewCell.swift in Sources */ = {isa = PBXBuildFile; fileRef = 7FA95D9E246D7609002E366A /* ChatTableViewCell.swift */; };
		7FA95E91246D8C98002E366A /* kam.csv in Resources */ = {isa = PBXBuildFile; fileRef = 7FA95E90246D8C98002E366A /* kam.csv */; };
		7FA95E93246D94C7002E366A /* ModeViewController.swift in Sources */ = {isa = PBXBuildFile; fileRef = 7FA95E92246D94C7002E366A /* ModeViewController.swift */; };
		7FA95E95246D9902002E366A /* CrazyMode.swift in Sources */ = {isa = PBXBuildFile; fileRef = 7FA95E94246D9902002E366A /* CrazyMode.swift */; };
		7FA95E99246DF622002E366A /* Kamelott.swift in Sources */ = {isa = PBXBuildFile; fileRef = 7FA95E98246DF622002E366A /* Kamelott.swift */; };
		7FA961C1246E002D002E366A /* bucher3.mp3 in Resources */ = {isa = PBXBuildFile; fileRef = 7FA961C0246E002D002E366A /* bucher3.mp3 */; };
		7FA961C3246E0050002E366A /* cest_honteux.mp3 in Resources */ = {isa = PBXBuildFile; fileRef = 7FA961C2246E0050002E366A /* cest_honteux.mp3 */; };
		7FA961C5246E0060002E366A /* cest_pas_faux2.mp3 in Resources */ = {isa = PBXBuildFile; fileRef = 7FA961C4246E0060002E366A /* cest_pas_faux2.mp3 */; };
		7FA961C7246E006B002E366A /* cuillere_2.mp3 in Resources */ = {isa = PBXBuildFile; fileRef = 7FA961C6246E006B002E366A /* cuillere_2.mp3 */; };
		7FA961C9246E007A002E366A /* et_vous_bande_de_cons.mp3 in Resources */ = {isa = PBXBuildFile; fileRef = 7FA961C8246E007A002E366A /* et_vous_bande_de_cons.mp3 */; };
		7FA961CB246E0090002E366A /* boule-de-feu-boule-de-feu.mp3 in Resources */ = {isa = PBXBuildFile; fileRef = 7FA961CA246E0090002E366A /* boule-de-feu-boule-de-feu.mp3 */; };
		7FA961CD246E009C002E366A /* ca_me_fait_gerber.mp3 in Resources */ = {isa = PBXBuildFile; fileRef = 7FA961CC246E009C002E366A /* ca_me_fait_gerber.mp3 */; };
		7FA961CF246E00AE002E366A /* casuffit.mp3 in Resources */ = {isa = PBXBuildFile; fileRef = 7FA961CE246E00AE002E366A /* casuffit.mp3 */; };
		7FA961D1246E00BA002E366A /* comment.mp3 in Resources */ = {isa = PBXBuildFile; fileRef = 7FA961D0246E00BA002E366A /* comment.mp3 */; };
		7FA961D3246E00C8002E366A /* et_puis_quoi_encore.mp3 in Resources */ = {isa = PBXBuildFile; fileRef = 7FA961D2246E00C7002E366A /* et_puis_quoi_encore.mp3 */; };
		7FA961D5246E00DA002E366A /* fumier.mp3 in Resources */ = {isa = PBXBuildFile; fileRef = 7FA961D4246E00DA002E366A /* fumier.mp3 */; };
		7FA961D7246E00E2002E366A /* meteo.mp3 in Resources */ = {isa = PBXBuildFile; fileRef = 7FA961D6246E00E2002E366A /* meteo.mp3 */; };
		7FA961D9246E00EA002E366A /* ni_vu_ni_connu.mp3 in Resources */ = {isa = PBXBuildFile; fileRef = 7FA961D8246E00EA002E366A /* ni_vu_ni_connu.mp3 */; };
		7FA961DB246E00F5002E366A /* on_en_a_gros.mp3 in Resources */ = {isa = PBXBuildFile; fileRef = 7FA961DA246E00F5002E366A /* on_en_a_gros.mp3 */; };
		7FA961DD246E0101002E366A /* tres_bien.mp3 in Resources */ = {isa = PBXBuildFile; fileRef = 7FA961DC246E0101002E366A /* tres_bien.mp3 */; };
		7FA961DF246E010D002E366A /* ya_pas_de_mal.mp3 in Resources */ = {isa = PBXBuildFile; fileRef = 7FA961DE246E010D002E366A /* ya_pas_de_mal.mp3 */; };
		7FA961ED246E85C3002E366A /* a_la_volette1.mp3 in Resources */ = {isa = PBXBuildFile; fileRef = 7FA961EC246E85C3002E366A /* a_la_volette1.mp3 */; };
		7FA961FA246E86BD002E366A /* dataset_default_1.csv in Resources */ = {isa = PBXBuildFile; fileRef = 7FA961F6246E86BD002E366A /* dataset_default_1.csv */; };
		7FA961FB246E86BD002E366A /* dataset_default_2.csv in Resources */ = {isa = PBXBuildFile; fileRef = 7FA961F7246E86BD002E366A /* dataset_default_2.csv */; };
		7FA961FC246E86BD002E366A /* dataset_default_3.csv in Resources */ = {isa = PBXBuildFile; fileRef = 7FA961F8246E86BD002E366A /* dataset_default_3.csv */; };
		7FA961FD246E86BD002E366A /* dataset_default_4.csv in Resources */ = {isa = PBXBuildFile; fileRef = 7FA961F9246E86BD002E366A /* dataset_default_4.csv */; };
		CF866EE872443370F4346F6F /* Pods_CrazyTextTests.framework in Frameworks */ = {isa = PBXBuildFile; fileRef = 14ED018DE8CDAD09C18A6B0C /* Pods_CrazyTextTests.framework */; };
/* End PBXBuildFile section */

/* Begin PBXContainerItemProxy section */
		7F975ACE24695ADE0050C98B /* PBXContainerItemProxy */ = {
			isa = PBXContainerItemProxy;
			containerPortal = 7F975AAF24695ADC0050C98B /* Project object */;
			proxyType = 1;
			remoteGlobalIDString = 7F975AB624695ADC0050C98B;
			remoteInfo = CrazyText;
		};
		7F975AD924695ADE0050C98B /* PBXContainerItemProxy */ = {
			isa = PBXContainerItemProxy;
			containerPortal = 7F975AAF24695ADC0050C98B /* Project object */;
			proxyType = 1;
			remoteGlobalIDString = 7F975AB624695ADC0050C98B;
			remoteInfo = CrazyText;
		};
/* End PBXContainerItemProxy section */

/* Begin PBXFileReference section */
		0524C377D26CE4B089E2C622 /* Pods-CrazyText.debug.xcconfig */ = {isa = PBXFileReference; includeInIndex = 1; lastKnownFileType = text.xcconfig; name = "Pods-CrazyText.debug.xcconfig"; path = "Target Support Files/Pods-CrazyText/Pods-CrazyText.debug.xcconfig"; sourceTree = "<group>"; };
		09F5E8B7AD08F41292483BF6 /* Pods-CrazyTextTests.debug.xcconfig */ = {isa = PBXFileReference; includeInIndex = 1; lastKnownFileType = text.xcconfig; name = "Pods-CrazyTextTests.debug.xcconfig"; path = "Target Support Files/Pods-CrazyTextTests/Pods-CrazyTextTests.debug.xcconfig"; sourceTree = "<group>"; };
		14ED018DE8CDAD09C18A6B0C /* Pods_CrazyTextTests.framework */ = {isa = PBXFileReference; explicitFileType = wrapper.framework; includeInIndex = 0; path = Pods_CrazyTextTests.framework; sourceTree = BUILT_PRODUCTS_DIR; };
		2E7DA4EBEAD282D02D949A42 /* Pods-CrazyText-CrazyTextUITests.debug.xcconfig */ = {isa = PBXFileReference; includeInIndex = 1; lastKnownFileType = text.xcconfig; name = "Pods-CrazyText-CrazyTextUITests.debug.xcconfig"; path = "Target Support Files/Pods-CrazyText-CrazyTextUITests/Pods-CrazyText-CrazyTextUITests.debug.xcconfig"; sourceTree = "<group>"; };
		561E0F77A9D723C24E6A3B48 /* Pods_CrazyText.framework */ = {isa = PBXFileReference; explicitFileType = wrapper.framework; includeInIndex = 0; path = Pods_CrazyText.framework; sourceTree = BUILT_PRODUCTS_DIR; };
		6169FE9F727DC567D218701F /* Pods-CrazyText.release.xcconfig */ = {isa = PBXFileReference; includeInIndex = 1; lastKnownFileType = text.xcconfig; name = "Pods-CrazyText.release.xcconfig"; path = "Target Support Files/Pods-CrazyText/Pods-CrazyText.release.xcconfig"; sourceTree = "<group>"; };
		7419775B09817870DE4CE976 /* Pods_CrazyText_CrazyTextUITests.framework */ = {isa = PBXFileReference; explicitFileType = wrapper.framework; includeInIndex = 0; path = Pods_CrazyText_CrazyTextUITests.framework; sourceTree = BUILT_PRODUCTS_DIR; };
		7F010E87246AE714008D3DD1 /* DatabaseManager.swift */ = {isa = PBXFileReference; lastKnownFileType = sourcecode.swift; path = DatabaseManager.swift; sourceTree = "<group>"; };
		7F010E8C246AEFF9008D3DD1 /* GramTable.swift */ = {isa = PBXFileReference; lastKnownFileType = sourcecode.swift; path = GramTable.swift; sourceTree = "<group>"; };
		7F010E8E246BE0A4008D3DD1 /* GramTableAdapter.swift */ = {isa = PBXFileReference; lastKnownFileType = sourcecode.swift; path = GramTableAdapter.swift; sourceTree = "<group>"; };
		7F010E9E246C0FDD008D3DD1 /* AppManager.swift */ = {isa = PBXFileReference; lastKnownFileType = sourcecode.swift; path = AppManager.swift; sourceTree = "<group>"; };
		7F010EA1246C1BF5008D3DD1 /* LoadDataViewController.swift */ = {isa = PBXFileReference; lastKnownFileType = sourcecode.swift; path = LoadDataViewController.swift; sourceTree = "<group>"; };
		7F010EA3246C1D13008D3DD1 /* Gram.swift */ = {isa = PBXFileReference; lastKnownFileType = sourcecode.swift; path = Gram.swift; sourceTree = "<group>"; };
		7F975AB724695ADC0050C98B /* CrazyText.app */ = {isa = PBXFileReference; explicitFileType = wrapper.application; includeInIndex = 0; path = CrazyText.app; sourceTree = BUILT_PRODUCTS_DIR; };
		7F975ABA24695ADC0050C98B /* AppDelegate.swift */ = {isa = PBXFileReference; lastKnownFileType = sourcecode.swift; path = AppDelegate.swift; sourceTree = "<group>"; };
		7F975ABC24695ADC0050C98B /* SceneDelegate.swift */ = {isa = PBXFileReference; lastKnownFileType = sourcecode.swift; path = SceneDelegate.swift; sourceTree = "<group>"; };
		7F975ABE24695ADC0050C98B /* ViewController.swift */ = {isa = PBXFileReference; lastKnownFileType = sourcecode.swift; path = ViewController.swift; sourceTree = "<group>"; };
		7F975AC124695ADC0050C98B /* Base */ = {isa = PBXFileReference; lastKnownFileType = file.storyboard; name = Base; path = Base.lproj/Main.storyboard; sourceTree = "<group>"; };
		7F975AC324695ADE0050C98B /* Assets.xcassets */ = {isa = PBXFileReference; lastKnownFileType = folder.assetcatalog; path = Assets.xcassets; sourceTree = "<group>"; };
		7F975AC624695ADE0050C98B /* Base */ = {isa = PBXFileReference; lastKnownFileType = file.storyboard; name = Base; path = Base.lproj/LaunchScreen.storyboard; sourceTree = "<group>"; };
		7F975AC824695ADE0050C98B /* Info.plist */ = {isa = PBXFileReference; lastKnownFileType = text.plist.xml; path = Info.plist; sourceTree = "<group>"; };
		7F975ACD24695ADE0050C98B /* CrazyTextTests.xctest */ = {isa = PBXFileReference; explicitFileType = wrapper.cfbundle; includeInIndex = 0; path = CrazyTextTests.xctest; sourceTree = BUILT_PRODUCTS_DIR; };
		7F975AD124695ADE0050C98B /* CrazyTextTests.swift */ = {isa = PBXFileReference; lastKnownFileType = sourcecode.swift; path = CrazyTextTests.swift; sourceTree = "<group>"; };
		7F975AD324695ADE0050C98B /* Info.plist */ = {isa = PBXFileReference; lastKnownFileType = text.plist.xml; path = Info.plist; sourceTree = "<group>"; };
		7F975AD824695ADE0050C98B /* CrazyTextUITests.xctest */ = {isa = PBXFileReference; explicitFileType = wrapper.cfbundle; includeInIndex = 0; path = CrazyTextUITests.xctest; sourceTree = BUILT_PRODUCTS_DIR; };
		7F975ADC24695ADE0050C98B /* CrazyTextUITests.swift */ = {isa = PBXFileReference; lastKnownFileType = sourcecode.swift; path = CrazyTextUITests.swift; sourceTree = "<group>"; };
		7F975ADE24695ADE0050C98B /* Info.plist */ = {isa = PBXFileReference; lastKnownFileType = text.plist.xml; path = Info.plist; sourceTree = "<group>"; };
		7F975AEB246966230050C98B /* SuggestionView.swift */ = {isa = PBXFileReference; lastKnownFileType = sourcecode.swift; path = SuggestionView.swift; sourceTree = "<group>"; };
		7FA95D98246D305A002E366A /* SuggestionLabel.swift */ = {isa = PBXFileReference; lastKnownFileType = sourcecode.swift; path = SuggestionLabel.swift; sourceTree = "<group>"; };
		7FA95D9B246D6D19002E366A /* SoundURL.swift */ = {isa = PBXFileReference; lastKnownFileType = sourcecode.swift; path = SoundURL.swift; sourceTree = "<group>"; };
		7FA95D9E246D7609002E366A /* ChatTableViewCell.swift */ = {isa = PBXFileReference; lastKnownFileType = sourcecode.swift; path = ChatTableViewCell.swift; sourceTree = "<group>"; };
		7FA95E90246D8C98002E366A /* kam.csv */ = {isa = PBXFileReference; fileEncoding = 4; lastKnownFileType = text; path = kam.csv; sourceTree = "<group>"; };
		7FA95E92246D94C7002E366A /* ModeViewController.swift */ = {isa = PBXFileReference; lastKnownFileType = sourcecode.swift; path = ModeViewController.swift; sourceTree = "<group>"; };
		7FA95E94246D9902002E366A /* CrazyMode.swift */ = {isa = PBXFileReference; lastKnownFileType = sourcecode.swift; path = CrazyMode.swift; sourceTree = "<group>"; };
		7FA95E98246DF622002E366A /* Kamelott.swift */ = {isa = PBXFileReference; lastKnownFileType = sourcecode.swift; path = Kamelott.swift; sourceTree = "<group>"; };
		7FA961C0246E002D002E366A /* bucher3.mp3 */ = {isa = PBXFileReference; lastKnownFileType = audio.mp3; path = bucher3.mp3; sourceTree = "<group>"; };
		7FA961C2246E0050002E366A /* cest_honteux.mp3 */ = {isa = PBXFileReference; lastKnownFileType = audio.mp3; path = cest_honteux.mp3; sourceTree = "<group>"; };
		7FA961C4246E0060002E366A /* cest_pas_faux2.mp3 */ = {isa = PBXFileReference; lastKnownFileType = audio.mp3; path = cest_pas_faux2.mp3; sourceTree = "<group>"; };
		7FA961C6246E006B002E366A /* cuillere_2.mp3 */ = {isa = PBXFileReference; lastKnownFileType = audio.mp3; path = cuillere_2.mp3; sourceTree = "<group>"; };
		7FA961C8246E007A002E366A /* et_vous_bande_de_cons.mp3 */ = {isa = PBXFileReference; lastKnownFileType = audio.mp3; path = et_vous_bande_de_cons.mp3; sourceTree = "<group>"; };
		7FA961CA246E0090002E366A /* boule-de-feu-boule-de-feu.mp3 */ = {isa = PBXFileReference; lastKnownFileType = audio.mp3; path = "boule-de-feu-boule-de-feu.mp3"; sourceTree = "<group>"; };
		7FA961CC246E009C002E366A /* ca_me_fait_gerber.mp3 */ = {isa = PBXFileReference; lastKnownFileType = audio.mp3; path = ca_me_fait_gerber.mp3; sourceTree = "<group>"; };
		7FA961CE246E00AE002E366A /* casuffit.mp3 */ = {isa = PBXFileReference; lastKnownFileType = audio.mp3; path = casuffit.mp3; sourceTree = "<group>"; };
		7FA961D0246E00BA002E366A /* comment.mp3 */ = {isa = PBXFileReference; lastKnownFileType = audio.mp3; path = comment.mp3; sourceTree = "<group>"; };
		7FA961D2246E00C7002E366A /* et_puis_quoi_encore.mp3 */ = {isa = PBXFileReference; lastKnownFileType = audio.mp3; path = et_puis_quoi_encore.mp3; sourceTree = "<group>"; };
		7FA961D4246E00DA002E366A /* fumier.mp3 */ = {isa = PBXFileReference; lastKnownFileType = audio.mp3; path = fumier.mp3; sourceTree = "<group>"; };
		7FA961D6246E00E2002E366A /* meteo.mp3 */ = {isa = PBXFileReference; lastKnownFileType = audio.mp3; path = meteo.mp3; sourceTree = "<group>"; };
		7FA961D8246E00EA002E366A /* ni_vu_ni_connu.mp3 */ = {isa = PBXFileReference; lastKnownFileType = audio.mp3; path = ni_vu_ni_connu.mp3; sourceTree = "<group>"; };
		7FA961DA246E00F5002E366A /* on_en_a_gros.mp3 */ = {isa = PBXFileReference; lastKnownFileType = audio.mp3; path = on_en_a_gros.mp3; sourceTree = "<group>"; };
		7FA961DC246E0101002E366A /* tres_bien.mp3 */ = {isa = PBXFileReference; lastKnownFileType = audio.mp3; path = tres_bien.mp3; sourceTree = "<group>"; };
		7FA961DE246E010D002E366A /* ya_pas_de_mal.mp3 */ = {isa = PBXFileReference; lastKnownFileType = audio.mp3; path = ya_pas_de_mal.mp3; sourceTree = "<group>"; };
		7FA961EC246E85C3002E366A /* a_la_volette1.mp3 */ = {isa = PBXFileReference; lastKnownFileType = audio.mp3; path = a_la_volette1.mp3; sourceTree = "<group>"; };
		7FA961F6246E86BD002E366A /* dataset_default_1.csv */ = {isa = PBXFileReference; fileEncoding = 4; lastKnownFileType = text; name = dataset_default_1.csv; path = ../../../../../../Desktop/datasetes/dataset_default_1.csv; sourceTree = "<group>"; };
		7FA961F7246E86BD002E366A /* dataset_default_2.csv */ = {isa = PBXFileReference; fileEncoding = 4; lastKnownFileType = text; name = dataset_default_2.csv; path = ../../../../../../Desktop/datasetes/dataset_default_2.csv; sourceTree = "<group>"; };
		7FA961F8246E86BD002E366A /* dataset_default_3.csv */ = {isa = PBXFileReference; fileEncoding = 4; lastKnownFileType = text; name = dataset_default_3.csv; path = ../../../../../../Desktop/datasetes/dataset_default_3.csv; sourceTree = "<group>"; };
		7FA961F9246E86BD002E366A /* dataset_default_4.csv */ = {isa = PBXFileReference; fileEncoding = 4; lastKnownFileType = text; name = dataset_default_4.csv; path = ../../../../../../Desktop/datasetes/dataset_default_4.csv; sourceTree = "<group>"; };
		A86517479720259FC81861CB /* Pods-CrazyTextTests.release.xcconfig */ = {isa = PBXFileReference; includeInIndex = 1; lastKnownFileType = text.xcconfig; name = "Pods-CrazyTextTests.release.xcconfig"; path = "Target Support Files/Pods-CrazyTextTests/Pods-CrazyTextTests.release.xcconfig"; sourceTree = "<group>"; };
		D22DDCBF71181299180C446F /* Pods-CrazyText-CrazyTextUITests.release.xcconfig */ = {isa = PBXFileReference; includeInIndex = 1; lastKnownFileType = text.xcconfig; name = "Pods-CrazyText-CrazyTextUITests.release.xcconfig"; path = "Target Support Files/Pods-CrazyText-CrazyTextUITests/Pods-CrazyText-CrazyTextUITests.release.xcconfig"; sourceTree = "<group>"; };
/* End PBXFileReference section */

/* Begin PBXFrameworksBuildPhase section */
		7F975AB424695ADC0050C98B /* Frameworks */ = {
			isa = PBXFrameworksBuildPhase;
			buildActionMask = 2147483647;
			files = (
				09695C57941F0D5264A237C4 /* Pods_CrazyText.framework in Frameworks */,
			);
			runOnlyForDeploymentPostprocessing = 0;
		};
		7F975ACA24695ADE0050C98B /* Frameworks */ = {
			isa = PBXFrameworksBuildPhase;
			buildActionMask = 2147483647;
			files = (
				CF866EE872443370F4346F6F /* Pods_CrazyTextTests.framework in Frameworks */,
			);
			runOnlyForDeploymentPostprocessing = 0;
		};
		7F975AD524695ADE0050C98B /* Frameworks */ = {
			isa = PBXFrameworksBuildPhase;
			buildActionMask = 2147483647;
			files = (
				0639FBD10DD509E20F29E068 /* Pods_CrazyText_CrazyTextUITests.framework in Frameworks */,
			);
			runOnlyForDeploymentPostprocessing = 0;
		};
/* End PBXFrameworksBuildPhase section */

/* Begin PBXGroup section */
		7F010E85246AE595008D3DD1 /* database */ = {
			isa = PBXGroup;
			children = (
				7F010E87246AE714008D3DD1 /* DatabaseManager.swift */,
			);
			path = database;
			sourceTree = "<group>";
		};
		7F010E86246AE5A3008D3DD1 /* ressources */ = {
			isa = PBXGroup;
			children = (
				7FA95DA0246D8B33002E366A /* kamelott */,
				7F010E9A246C0F19008D3DD1 /* default */,
			);
			path = ressources;
			sourceTree = "<group>";
		};
		7F010E8B246AEFE3008D3DD1 /* models */ = {
			isa = PBXGroup;
			children = (
				7F010E8C246AEFF9008D3DD1 /* GramTable.swift */,
				7F010E8E246BE0A4008D3DD1 /* GramTableAdapter.swift */,
				7F010EA3246C1D13008D3DD1 /* Gram.swift */,
				7FA95E94246D9902002E366A /* CrazyMode.swift */,
				7FA95E98246DF622002E366A /* Kamelott.swift */,
			);
			path = models;
			sourceTree = "<group>";
		};
		7F010E9A246C0F19008D3DD1 /* default */ = {
			isa = PBXGroup;
			children = (
				7FA961F6246E86BD002E366A /* dataset_default_1.csv */,
				7FA961F7246E86BD002E366A /* dataset_default_2.csv */,
				7FA961F8246E86BD002E366A /* dataset_default_3.csv */,
				7FA961F9246E86BD002E366A /* dataset_default_4.csv */,
			);
			path = default;
			sourceTree = "<group>";
		};
		7F010E9B246C0FC3008D3DD1 /* utils */ = {
			isa = PBXGroup;
			children = (
				7F010E9E246C0FDD008D3DD1 /* AppManager.swift */,
			);
			path = utils;
			sourceTree = "<group>";
		};
		7F010EA0246C1BDC008D3DD1 /* controllers */ = {
			isa = PBXGroup;
			children = (
				7F975ABE24695ADC0050C98B /* ViewController.swift */,
				7F010EA1246C1BF5008D3DD1 /* LoadDataViewController.swift */,
				7FA95E92246D94C7002E366A /* ModeViewController.swift */,
			);
			path = controllers;
			sourceTree = "<group>";
		};
		7F975AAE24695ADC0050C98B = {
			isa = PBXGroup;
			children = (
				7F975AB924695ADC0050C98B /* CrazyText */,
				7F975AD024695ADE0050C98B /* CrazyTextTests */,
				7F975ADB24695ADE0050C98B /* CrazyTextUITests */,
				7F975AB824695ADC0050C98B /* Products */,
				B1E954BD8FC65D8ED8A1A565 /* Pods */,
				D1E2F8393615BDA7448869A5 /* Frameworks */,
			);
			sourceTree = "<group>";
		};
		7F975AB824695ADC0050C98B /* Products */ = {
			isa = PBXGroup;
			children = (
				7F975AB724695ADC0050C98B /* CrazyText.app */,
				7F975ACD24695ADE0050C98B /* CrazyTextTests.xctest */,
				7F975AD824695ADE0050C98B /* CrazyTextUITests.xctest */,
			);
			name = Products;
			sourceTree = "<group>";
		};
		7F975AB924695ADC0050C98B /* CrazyText */ = {
			isa = PBXGroup;
			children = (
				7FA95D9D246D75F2002E366A /* cells */,
				7F010EA0246C1BDC008D3DD1 /* controllers */,
				7F010E9B246C0FC3008D3DD1 /* utils */,
				7F010E8B246AEFE3008D3DD1 /* models */,
				7F010E86246AE5A3008D3DD1 /* ressources */,
				7F010E85246AE595008D3DD1 /* database */,
				7F975AEA246966120050C98B /* components */,
				7F975ABA24695ADC0050C98B /* AppDelegate.swift */,
				7F975ABC24695ADC0050C98B /* SceneDelegate.swift */,
				7F975AC024695ADC0050C98B /* Main.storyboard */,
				7F975AC324695ADE0050C98B /* Assets.xcassets */,
				7F975AC524695ADE0050C98B /* LaunchScreen.storyboard */,
				7F975AC824695ADE0050C98B /* Info.plist */,
			);
			path = CrazyText;
			sourceTree = "<group>";
		};
		7F975AD024695ADE0050C98B /* CrazyTextTests */ = {
			isa = PBXGroup;
			children = (
				7F975AD124695ADE0050C98B /* CrazyTextTests.swift */,
				7F975AD324695ADE0050C98B /* Info.plist */,
			);
			path = CrazyTextTests;
			sourceTree = "<group>";
		};
		7F975ADB24695ADE0050C98B /* CrazyTextUITests */ = {
			isa = PBXGroup;
			children = (
				7F975ADC24695ADE0050C98B /* CrazyTextUITests.swift */,
				7F975ADE24695ADE0050C98B /* Info.plist */,
			);
			path = CrazyTextUITests;
			sourceTree = "<group>";
		};
		7F975AEA246966120050C98B /* components */ = {
			isa = PBXGroup;
			children = (
				7F975AEB246966230050C98B /* SuggestionView.swift */,
				7FA95D98246D305A002E366A /* SuggestionLabel.swift */,
				7FA95D9B246D6D19002E366A /* SoundURL.swift */,
			);
			path = components;
			sourceTree = "<group>";
		};
		7FA95D9D246D75F2002E366A /* cells */ = {
			isa = PBXGroup;
			children = (
				7FA95D9E246D7609002E366A /* ChatTableViewCell.swift */,
			);
			path = cells;
			sourceTree = "<group>";
		};
		7FA95DA0246D8B33002E366A /* kamelott */ = {
			isa = PBXGroup;
			children = (
				7FA961BF246DFFC7002E366A /* sounds */,
				7FA95E90246D8C98002E366A /* kam.csv */,
			);
			path = kamelott;
			sourceTree = "<group>";
		};
		7FA961BF246DFFC7002E366A /* sounds */ = {
			isa = PBXGroup;
			children = (
				7FA961EC246E85C3002E366A /* a_la_volette1.mp3 */,
				7FA961CC246E009C002E366A /* ca_me_fait_gerber.mp3 */,
				7FA961CA246E0090002E366A /* boule-de-feu-boule-de-feu.mp3 */,
				7FA961C8246E007A002E366A /* et_vous_bande_de_cons.mp3 */,
				7FA961C6246E006B002E366A /* cuillere_2.mp3 */,
				7FA961C4246E0060002E366A /* cest_pas_faux2.mp3 */,
				7FA961C2246E0050002E366A /* cest_honteux.mp3 */,
				7FA961C0246E002D002E366A /* bucher3.mp3 */,
				7FA961CE246E00AE002E366A /* casuffit.mp3 */,
				7FA961D0246E00BA002E366A /* comment.mp3 */,
				7FA961D2246E00C7002E366A /* et_puis_quoi_encore.mp3 */,
				7FA961D4246E00DA002E366A /* fumier.mp3 */,
				7FA961D6246E00E2002E366A /* meteo.mp3 */,
				7FA961D8246E00EA002E366A /* ni_vu_ni_connu.mp3 */,
				7FA961DA246E00F5002E366A /* on_en_a_gros.mp3 */,
				7FA961DC246E0101002E366A /* tres_bien.mp3 */,
				7FA961DE246E010D002E366A /* ya_pas_de_mal.mp3 */,
			);
			path = sounds;
			sourceTree = "<group>";
		};
		B1E954BD8FC65D8ED8A1A565 /* Pods */ = {
			isa = PBXGroup;
			children = (
				0524C377D26CE4B089E2C622 /* Pods-CrazyText.debug.xcconfig */,
				6169FE9F727DC567D218701F /* Pods-CrazyText.release.xcconfig */,
				2E7DA4EBEAD282D02D949A42 /* Pods-CrazyText-CrazyTextUITests.debug.xcconfig */,
				D22DDCBF71181299180C446F /* Pods-CrazyText-CrazyTextUITests.release.xcconfig */,
				09F5E8B7AD08F41292483BF6 /* Pods-CrazyTextTests.debug.xcconfig */,
				A86517479720259FC81861CB /* Pods-CrazyTextTests.release.xcconfig */,
			);
			path = Pods;
			sourceTree = "<group>";
		};
		D1E2F8393615BDA7448869A5 /* Frameworks */ = {
			isa = PBXGroup;
			children = (
				561E0F77A9D723C24E6A3B48 /* Pods_CrazyText.framework */,
				7419775B09817870DE4CE976 /* Pods_CrazyText_CrazyTextUITests.framework */,
				14ED018DE8CDAD09C18A6B0C /* Pods_CrazyTextTests.framework */,
			);
			name = Frameworks;
			sourceTree = "<group>";
		};
/* End PBXGroup section */

/* Begin PBXNativeTarget section */
		7F975AB624695ADC0050C98B /* CrazyText */ = {
			isa = PBXNativeTarget;
			buildConfigurationList = 7F975AE124695ADE0050C98B /* Build configuration list for PBXNativeTarget "CrazyText" */;
			buildPhases = (
				21F47FF7E7CD802429CDE4AD /* [CP] Check Pods Manifest.lock */,
				7F975AB324695ADC0050C98B /* Sources */,
				7F975AB424695ADC0050C98B /* Frameworks */,
				7F975AB524695ADC0050C98B /* Resources */,
				5BE2787F65CDD901BB279064 /* [CP] Embed Pods Frameworks */,
			);
			buildRules = (
			);
			dependencies = (
			);
			name = CrazyText;
			productName = CrazyText;
			productReference = 7F975AB724695ADC0050C98B /* CrazyText.app */;
			productType = "com.apple.product-type.application";
		};
		7F975ACC24695ADE0050C98B /* CrazyTextTests */ = {
			isa = PBXNativeTarget;
			buildConfigurationList = 7F975AE424695ADE0050C98B /* Build configuration list for PBXNativeTarget "CrazyTextTests" */;
			buildPhases = (
				D2450CA4335A8BF87FEB1409 /* [CP] Check Pods Manifest.lock */,
				7F975AC924695ADE0050C98B /* Sources */,
				7F975ACA24695ADE0050C98B /* Frameworks */,
				7F975ACB24695ADE0050C98B /* Resources */,
			);
			buildRules = (
			);
			dependencies = (
				7F975ACF24695ADE0050C98B /* PBXTargetDependency */,
			);
			name = CrazyTextTests;
			productName = CrazyTextTests;
			productReference = 7F975ACD24695ADE0050C98B /* CrazyTextTests.xctest */;
			productType = "com.apple.product-type.bundle.unit-test";
		};
		7F975AD724695ADE0050C98B /* CrazyTextUITests */ = {
			isa = PBXNativeTarget;
			buildConfigurationList = 7F975AE724695ADE0050C98B /* Build configuration list for PBXNativeTarget "CrazyTextUITests" */;
			buildPhases = (
				A1B44E0D69B20B7ED874A01A /* [CP] Check Pods Manifest.lock */,
				7F975AD424695ADE0050C98B /* Sources */,
				7F975AD524695ADE0050C98B /* Frameworks */,
				7F975AD624695ADE0050C98B /* Resources */,
				8B4D1BBDCD9149CF3719BF63 /* [CP] Embed Pods Frameworks */,
			);
			buildRules = (
			);
			dependencies = (
				7F975ADA24695ADE0050C98B /* PBXTargetDependency */,
			);
			name = CrazyTextUITests;
			productName = CrazyTextUITests;
			productReference = 7F975AD824695ADE0050C98B /* CrazyTextUITests.xctest */;
			productType = "com.apple.product-type.bundle.ui-testing";
		};
/* End PBXNativeTarget section */

/* Begin PBXProject section */
		7F975AAF24695ADC0050C98B /* Project object */ = {
			isa = PBXProject;
			attributes = {
				LastSwiftUpdateCheck = 1140;
				LastUpgradeCheck = 1140;
				ORGANIZATIONNAME = "David Linhares";
				TargetAttributes = {
					7F975AB624695ADC0050C98B = {
						CreatedOnToolsVersion = 11.4.1;
					};
					7F975ACC24695ADE0050C98B = {
						CreatedOnToolsVersion = 11.4.1;
						TestTargetID = 7F975AB624695ADC0050C98B;
					};
					7F975AD724695ADE0050C98B = {
						CreatedOnToolsVersion = 11.4.1;
						TestTargetID = 7F975AB624695ADC0050C98B;
					};
				};
			};
			buildConfigurationList = 7F975AB224695ADC0050C98B /* Build configuration list for PBXProject "CrazyText" */;
			compatibilityVersion = "Xcode 9.3";
			developmentRegion = en;
			hasScannedForEncodings = 0;
			knownRegions = (
				en,
				Base,
			);
			mainGroup = 7F975AAE24695ADC0050C98B;
			productRefGroup = 7F975AB824695ADC0050C98B /* Products */;
			projectDirPath = "";
			projectRoot = "";
			targets = (
				7F975AB624695ADC0050C98B /* CrazyText */,
				7F975ACC24695ADE0050C98B /* CrazyTextTests */,
				7F975AD724695ADE0050C98B /* CrazyTextUITests */,
			);
		};
/* End PBXProject section */

/* Begin PBXResourcesBuildPhase section */
		7F975AB524695ADC0050C98B /* Resources */ = {
			isa = PBXResourcesBuildPhase;
			buildActionMask = 2147483647;
			files = (
				7FA961C3246E0050002E366A /* cest_honteux.mp3 in Resources */,
				7FA961D9246E00EA002E366A /* ni_vu_ni_connu.mp3 in Resources */,
				7F975AC724695ADE0050C98B /* LaunchScreen.storyboard in Resources */,
				7FA961FC246E86BD002E366A /* dataset_default_3.csv in Resources */,
				7FA961FA246E86BD002E366A /* dataset_default_1.csv in Resources */,
				7FA961C5246E0060002E366A /* cest_pas_faux2.mp3 in Resources */,
				7FA961DF246E010D002E366A /* ya_pas_de_mal.mp3 in Resources */,
				7FA961DD246E0101002E366A /* tres_bien.mp3 in Resources */,
				7FA961D3246E00C8002E366A /* et_puis_quoi_encore.mp3 in Resources */,
				7FA961C7246E006B002E366A /* cuillere_2.mp3 in Resources */,
				7F975AC424695ADE0050C98B /* Assets.xcassets in Resources */,
				7FA961D1246E00BA002E366A /* comment.mp3 in Resources */,
				7FA961D5246E00DA002E366A /* fumier.mp3 in Resources */,
				7FA961CD246E009C002E366A /* ca_me_fait_gerber.mp3 in Resources */,
				7F975AC224695ADC0050C98B /* Main.storyboard in Resources */,
				7FA961C9246E007A002E366A /* et_vous_bande_de_cons.mp3 in Resources */,
				7FA961CB246E0090002E366A /* boule-de-feu-boule-de-feu.mp3 in Resources */,
				7FA95E91246D8C98002E366A /* kam.csv in Resources */,
				7FA961C1246E002D002E366A /* bucher3.mp3 in Resources */,
				7FA961D7246E00E2002E366A /* meteo.mp3 in Resources */,
				7FA961ED246E85C3002E366A /* a_la_volette1.mp3 in Resources */,
				7FA961FB246E86BD002E366A /* dataset_default_2.csv in Resources */,
				7FA961CF246E00AE002E366A /* casuffit.mp3 in Resources */,
				7FA961DB246E00F5002E366A /* on_en_a_gros.mp3 in Resources */,
				7FA961FD246E86BD002E366A /* dataset_default_4.csv in Resources */,
			);
			runOnlyForDeploymentPostprocessing = 0;
		};
		7F975ACB24695ADE0050C98B /* Resources */ = {
			isa = PBXResourcesBuildPhase;
			buildActionMask = 2147483647;
			files = (
			);
			runOnlyForDeploymentPostprocessing = 0;
		};
		7F975AD624695ADE0050C98B /* Resources */ = {
			isa = PBXResourcesBuildPhase;
			buildActionMask = 2147483647;
			files = (
			);
			runOnlyForDeploymentPostprocessing = 0;
		};
/* End PBXResourcesBuildPhase section */

/* Begin PBXShellScriptBuildPhase section */
		21F47FF7E7CD802429CDE4AD /* [CP] Check Pods Manifest.lock */ = {
			isa = PBXShellScriptBuildPhase;
			buildActionMask = 2147483647;
			files = (
			);
			inputFileListPaths = (
			);
			inputPaths = (
				"${PODS_PODFILE_DIR_PATH}/Podfile.lock",
				"${PODS_ROOT}/Manifest.lock",
			);
			name = "[CP] Check Pods Manifest.lock";
			outputFileListPaths = (
			);
			outputPaths = (
				"$(DERIVED_FILE_DIR)/Pods-CrazyText-checkManifestLockResult.txt",
			);
			runOnlyForDeploymentPostprocessing = 0;
			shellPath = /bin/sh;
			shellScript = "diff \"${PODS_PODFILE_DIR_PATH}/Podfile.lock\" \"${PODS_ROOT}/Manifest.lock\" > /dev/null\nif [ $? != 0 ] ; then\n    # print error to STDERR\n    echo \"error: The sandbox is not in sync with the Podfile.lock. Run 'pod install' or update your CocoaPods installation.\" >&2\n    exit 1\nfi\n# This output is used by Xcode 'outputs' to avoid re-running this script phase.\necho \"SUCCESS\" > \"${SCRIPT_OUTPUT_FILE_0}\"\n";
			showEnvVarsInLog = 0;
		};
		5BE2787F65CDD901BB279064 /* [CP] Embed Pods Frameworks */ = {
			isa = PBXShellScriptBuildPhase;
			buildActionMask = 2147483647;
			files = (
			);
			inputFileListPaths = (
				"${PODS_ROOT}/Target Support Files/Pods-CrazyText/Pods-CrazyText-frameworks-${CONFIGURATION}-input-files.xcfilelist",
			);
			name = "[CP] Embed Pods Frameworks";
			outputFileListPaths = (
				"${PODS_ROOT}/Target Support Files/Pods-CrazyText/Pods-CrazyText-frameworks-${CONFIGURATION}-output-files.xcfilelist",
			);
			runOnlyForDeploymentPostprocessing = 0;
			shellPath = /bin/sh;
			shellScript = "\"${PODS_ROOT}/Target Support Files/Pods-CrazyText/Pods-CrazyText-frameworks.sh\"\n";
			showEnvVarsInLog = 0;
		};
		8B4D1BBDCD9149CF3719BF63 /* [CP] Embed Pods Frameworks */ = {
			isa = PBXShellScriptBuildPhase;
			buildActionMask = 2147483647;
			files = (
			);
			inputFileListPaths = (
				"${PODS_ROOT}/Target Support Files/Pods-CrazyText-CrazyTextUITests/Pods-CrazyText-CrazyTextUITests-frameworks-${CONFIGURATION}-input-files.xcfilelist",
			);
			name = "[CP] Embed Pods Frameworks";
			outputFileListPaths = (
				"${PODS_ROOT}/Target Support Files/Pods-CrazyText-CrazyTextUITests/Pods-CrazyText-CrazyTextUITests-frameworks-${CONFIGURATION}-output-files.xcfilelist",
			);
			runOnlyForDeploymentPostprocessing = 0;
			shellPath = /bin/sh;
			shellScript = "\"${PODS_ROOT}/Target Support Files/Pods-CrazyText-CrazyTextUITests/Pods-CrazyText-CrazyTextUITests-frameworks.sh\"\n";
			showEnvVarsInLog = 0;
		};
		A1B44E0D69B20B7ED874A01A /* [CP] Check Pods Manifest.lock */ = {
			isa = PBXShellScriptBuildPhase;
			buildActionMask = 2147483647;
			files = (
			);
			inputFileListPaths = (
			);
			inputPaths = (
				"${PODS_PODFILE_DIR_PATH}/Podfile.lock",
				"${PODS_ROOT}/Manifest.lock",
			);
			name = "[CP] Check Pods Manifest.lock";
			outputFileListPaths = (
			);
			outputPaths = (
				"$(DERIVED_FILE_DIR)/Pods-CrazyText-CrazyTextUITests-checkManifestLockResult.txt",
			);
			runOnlyForDeploymentPostprocessing = 0;
			shellPath = /bin/sh;
			shellScript = "diff \"${PODS_PODFILE_DIR_PATH}/Podfile.lock\" \"${PODS_ROOT}/Manifest.lock\" > /dev/null\nif [ $? != 0 ] ; then\n    # print error to STDERR\n    echo \"error: The sandbox is not in sync with the Podfile.lock. Run 'pod install' or update your CocoaPods installation.\" >&2\n    exit 1\nfi\n# This output is used by Xcode 'outputs' to avoid re-running this script phase.\necho \"SUCCESS\" > \"${SCRIPT_OUTPUT_FILE_0}\"\n";
			showEnvVarsInLog = 0;
		};
		D2450CA4335A8BF87FEB1409 /* [CP] Check Pods Manifest.lock */ = {
			isa = PBXShellScriptBuildPhase;
			buildActionMask = 2147483647;
			files = (
			);
			inputFileListPaths = (
			);
			inputPaths = (
				"${PODS_PODFILE_DIR_PATH}/Podfile.lock",
				"${PODS_ROOT}/Manifest.lock",
			);
			name = "[CP] Check Pods Manifest.lock";
			outputFileListPaths = (
			);
			outputPaths = (
				"$(DERIVED_FILE_DIR)/Pods-CrazyTextTests-checkManifestLockResult.txt",
			);
			runOnlyForDeploymentPostprocessing = 0;
			shellPath = /bin/sh;
			shellScript = "diff \"${PODS_PODFILE_DIR_PATH}/Podfile.lock\" \"${PODS_ROOT}/Manifest.lock\" > /dev/null\nif [ $? != 0 ] ; then\n    # print error to STDERR\n    echo \"error: The sandbox is not in sync with the Podfile.lock. Run 'pod install' or update your CocoaPods installation.\" >&2\n    exit 1\nfi\n# This output is used by Xcode 'outputs' to avoid re-running this script phase.\necho \"SUCCESS\" > \"${SCRIPT_OUTPUT_FILE_0}\"\n";
			showEnvVarsInLog = 0;
		};
/* End PBXShellScriptBuildPhase section */

/* Begin PBXSourcesBuildPhase section */
		7F975AB324695ADC0050C98B /* Sources */ = {
			isa = PBXSourcesBuildPhase;
			buildActionMask = 2147483647;
			files = (
				7F975ABF24695ADC0050C98B /* ViewController.swift in Sources */,
				7F010E88246AE714008D3DD1 /* DatabaseManager.swift in Sources */,
				7F010E8D246AEFF9008D3DD1 /* GramTable.swift in Sources */,
				7F010E8F246BE0A4008D3DD1 /* GramTableAdapter.swift in Sources */,
				7F975ABB24695ADC0050C98B /* AppDelegate.swift in Sources */,
				7FA95D99246D305A002E366A /* SuggestionLabel.swift in Sources */,
				7F975AEC246966230050C98B /* SuggestionView.swift in Sources */,
				7F010EA4246C1D13008D3DD1 /* Gram.swift in Sources */,
				7FA95E95246D9902002E366A /* CrazyMode.swift in Sources */,
				7F975ABD24695ADC0050C98B /* SceneDelegate.swift in Sources */,
				7FA95E99246DF622002E366A /* Kamelott.swift in Sources */,
				7FA95D9C246D6D19002E366A /* SoundURL.swift in Sources */,
				7F010EA2246C1BF5008D3DD1 /* LoadDataViewController.swift in Sources */,
				7FA95E93246D94C7002E366A /* ModeViewController.swift in Sources */,
				7FA95D9F246D7609002E366A /* ChatTableViewCell.swift in Sources */,
				7F010E9F246C0FDD008D3DD1 /* AppManager.swift in Sources */,
			);
			runOnlyForDeploymentPostprocessing = 0;
		};
		7F975AC924695ADE0050C98B /* Sources */ = {
			isa = PBXSourcesBuildPhase;
			buildActionMask = 2147483647;
			files = (
				7F975AD224695ADE0050C98B /* CrazyTextTests.swift in Sources */,
			);
			runOnlyForDeploymentPostprocessing = 0;
		};
		7F975AD424695ADE0050C98B /* Sources */ = {
			isa = PBXSourcesBuildPhase;
			buildActionMask = 2147483647;
			files = (
				7F975ADD24695ADE0050C98B /* CrazyTextUITests.swift in Sources */,
			);
			runOnlyForDeploymentPostprocessing = 0;
		};
/* End PBXSourcesBuildPhase section */

/* Begin PBXTargetDependency section */
		7F975ACF24695ADE0050C98B /* PBXTargetDependency */ = {
			isa = PBXTargetDependency;
			target = 7F975AB624695ADC0050C98B /* CrazyText */;
			targetProxy = 7F975ACE24695ADE0050C98B /* PBXContainerItemProxy */;
		};
		7F975ADA24695ADE0050C98B /* PBXTargetDependency */ = {
			isa = PBXTargetDependency;
			target = 7F975AB624695ADC0050C98B /* CrazyText */;
			targetProxy = 7F975AD924695ADE0050C98B /* PBXContainerItemProxy */;
		};
/* End PBXTargetDependency section */

/* Begin PBXVariantGroup section */
		7F975AC024695ADC0050C98B /* Main.storyboard */ = {
			isa = PBXVariantGroup;
			children = (
				7F975AC124695ADC0050C98B /* Base */,
			);
			name = Main.storyboard;
			sourceTree = "<group>";
		};
		7F975AC524695ADE0050C98B /* LaunchScreen.storyboard */ = {
			isa = PBXVariantGroup;
			children = (
				7F975AC624695ADE0050C98B /* Base */,
			);
			name = LaunchScreen.storyboard;
			sourceTree = "<group>";
		};
/* End PBXVariantGroup section */

/* Begin XCBuildConfiguration section */
		7F975ADF24695ADE0050C98B /* Debug */ = {
			isa = XCBuildConfiguration;
			buildSettings = {
				ALWAYS_SEARCH_USER_PATHS = NO;
				CLANG_ANALYZER_NONNULL = YES;
				CLANG_ANALYZER_NUMBER_OBJECT_CONVERSION = YES_AGGRESSIVE;
				CLANG_CXX_LANGUAGE_STANDARD = "gnu++14";
				CLANG_CXX_LIBRARY = "libc++";
				CLANG_ENABLE_MODULES = YES;
				CLANG_ENABLE_OBJC_ARC = YES;
				CLANG_ENABLE_OBJC_WEAK = YES;
				CLANG_WARN_BLOCK_CAPTURE_AUTORELEASING = YES;
				CLANG_WARN_BOOL_CONVERSION = YES;
				CLANG_WARN_COMMA = YES;
				CLANG_WARN_CONSTANT_CONVERSION = YES;
				CLANG_WARN_DEPRECATED_OBJC_IMPLEMENTATIONS = YES;
				CLANG_WARN_DIRECT_OBJC_ISA_USAGE = YES_ERROR;
				CLANG_WARN_DOCUMENTATION_COMMENTS = YES;
				CLANG_WARN_EMPTY_BODY = YES;
				CLANG_WARN_ENUM_CONVERSION = YES;
				CLANG_WARN_INFINITE_RECURSION = YES;
				CLANG_WARN_INT_CONVERSION = YES;
				CLANG_WARN_NON_LITERAL_NULL_CONVERSION = YES;
				CLANG_WARN_OBJC_IMPLICIT_RETAIN_SELF = YES;
				CLANG_WARN_OBJC_LITERAL_CONVERSION = YES;
				CLANG_WARN_OBJC_ROOT_CLASS = YES_ERROR;
				CLANG_WARN_RANGE_LOOP_ANALYSIS = YES;
				CLANG_WARN_STRICT_PROTOTYPES = YES;
				CLANG_WARN_SUSPICIOUS_MOVE = YES;
				CLANG_WARN_UNGUARDED_AVAILABILITY = YES_AGGRESSIVE;
				CLANG_WARN_UNREACHABLE_CODE = YES;
				CLANG_WARN__DUPLICATE_METHOD_MATCH = YES;
				COPY_PHASE_STRIP = NO;
				DEBUG_INFORMATION_FORMAT = dwarf;
				ENABLE_STRICT_OBJC_MSGSEND = YES;
				ENABLE_TESTABILITY = YES;
				GCC_C_LANGUAGE_STANDARD = gnu11;
				GCC_DYNAMIC_NO_PIC = NO;
				GCC_NO_COMMON_BLOCKS = YES;
				GCC_OPTIMIZATION_LEVEL = 0;
				GCC_PREPROCESSOR_DEFINITIONS = (
					"DEBUG=1",
					"$(inherited)",
				);
				GCC_WARN_64_TO_32_BIT_CONVERSION = YES;
				GCC_WARN_ABOUT_RETURN_TYPE = YES_ERROR;
				GCC_WARN_UNDECLARED_SELECTOR = YES;
				GCC_WARN_UNINITIALIZED_AUTOS = YES_AGGRESSIVE;
				GCC_WARN_UNUSED_FUNCTION = YES;
				GCC_WARN_UNUSED_VARIABLE = YES;
				IPHONEOS_DEPLOYMENT_TARGET = 13.4;
				MTL_ENABLE_DEBUG_INFO = INCLUDE_SOURCE;
				MTL_FAST_MATH = YES;
				ONLY_ACTIVE_ARCH = YES;
				SDKROOT = iphoneos;
				SWIFT_ACTIVE_COMPILATION_CONDITIONS = DEBUG;
				SWIFT_OPTIMIZATION_LEVEL = "-Onone";
			};
			name = Debug;
		};
		7F975AE024695ADE0050C98B /* Release */ = {
			isa = XCBuildConfiguration;
			buildSettings = {
				ALWAYS_SEARCH_USER_PATHS = NO;
				CLANG_ANALYZER_NONNULL = YES;
				CLANG_ANALYZER_NUMBER_OBJECT_CONVERSION = YES_AGGRESSIVE;
				CLANG_CXX_LANGUAGE_STANDARD = "gnu++14";
				CLANG_CXX_LIBRARY = "libc++";
				CLANG_ENABLE_MODULES = YES;
				CLANG_ENABLE_OBJC_ARC = YES;
				CLANG_ENABLE_OBJC_WEAK = YES;
				CLANG_WARN_BLOCK_CAPTURE_AUTORELEASING = YES;
				CLANG_WARN_BOOL_CONVERSION = YES;
				CLANG_WARN_COMMA = YES;
				CLANG_WARN_CONSTANT_CONVERSION = YES;
				CLANG_WARN_DEPRECATED_OBJC_IMPLEMENTATIONS = YES;
				CLANG_WARN_DIRECT_OBJC_ISA_USAGE = YES_ERROR;
				CLANG_WARN_DOCUMENTATION_COMMENTS = YES;
				CLANG_WARN_EMPTY_BODY = YES;
				CLANG_WARN_ENUM_CONVERSION = YES;
				CLANG_WARN_INFINITE_RECURSION = YES;
				CLANG_WARN_INT_CONVERSION = YES;
				CLANG_WARN_NON_LITERAL_NULL_CONVERSION = YES;
				CLANG_WARN_OBJC_IMPLICIT_RETAIN_SELF = YES;
				CLANG_WARN_OBJC_LITERAL_CONVERSION = YES;
				CLANG_WARN_OBJC_ROOT_CLASS = YES_ERROR;
				CLANG_WARN_RANGE_LOOP_ANALYSIS = YES;
				CLANG_WARN_STRICT_PROTOTYPES = YES;
				CLANG_WARN_SUSPICIOUS_MOVE = YES;
				CLANG_WARN_UNGUARDED_AVAILABILITY = YES_AGGRESSIVE;
				CLANG_WARN_UNREACHABLE_CODE = YES;
				CLANG_WARN__DUPLICATE_METHOD_MATCH = YES;
				COPY_PHASE_STRIP = NO;
				DEBUG_INFORMATION_FORMAT = "dwarf-with-dsym";
				ENABLE_NS_ASSERTIONS = NO;
				ENABLE_STRICT_OBJC_MSGSEND = YES;
				GCC_C_LANGUAGE_STANDARD = gnu11;
				GCC_NO_COMMON_BLOCKS = YES;
				GCC_WARN_64_TO_32_BIT_CONVERSION = YES;
				GCC_WARN_ABOUT_RETURN_TYPE = YES_ERROR;
				GCC_WARN_UNDECLARED_SELECTOR = YES;
				GCC_WARN_UNINITIALIZED_AUTOS = YES_AGGRESSIVE;
				GCC_WARN_UNUSED_FUNCTION = YES;
				GCC_WARN_UNUSED_VARIABLE = YES;
				IPHONEOS_DEPLOYMENT_TARGET = 13.4;
				MTL_ENABLE_DEBUG_INFO = NO;
				MTL_FAST_MATH = YES;
				SDKROOT = iphoneos;
				SWIFT_COMPILATION_MODE = wholemodule;
				SWIFT_OPTIMIZATION_LEVEL = "-O";
				VALIDATE_PRODUCT = YES;
			};
			name = Release;
		};
		7F975AE224695ADE0050C98B /* Debug */ = {
			isa = XCBuildConfiguration;
			baseConfigurationReference = 0524C377D26CE4B089E2C622 /* Pods-CrazyText.debug.xcconfig */;
			buildSettings = {
				ASSETCATALOG_COMPILER_APPICON_NAME = AppIcon;
				CODE_SIGN_STYLE = Automatic;
				INFOPLIST_FILE = CrazyText/Info.plist;
				LD_RUNPATH_SEARCH_PATHS = (
					"$(inherited)",
					"@executable_path/Frameworks",
				);
				PRODUCT_BUNDLE_IDENTIFIER = com.D.CrazyText;
				PRODUCT_NAME = "$(TARGET_NAME)";
				SWIFT_VERSION = 5.0;
				TARGETED_DEVICE_FAMILY = "1,2";
			};
			name = Debug;
		};
		7F975AE324695ADE0050C98B /* Release */ = {
			isa = XCBuildConfiguration;
			baseConfigurationReference = 6169FE9F727DC567D218701F /* Pods-CrazyText.release.xcconfig */;
			buildSettings = {
				ASSETCATALOG_COMPILER_APPICON_NAME = AppIcon;
				CODE_SIGN_STYLE = Automatic;
				INFOPLIST_FILE = CrazyText/Info.plist;
				LD_RUNPATH_SEARCH_PATHS = (
					"$(inherited)",
					"@executable_path/Frameworks",
				);
				PRODUCT_BUNDLE_IDENTIFIER = com.D.CrazyText;
				PRODUCT_NAME = "$(TARGET_NAME)";
				SWIFT_VERSION = 5.0;
				TARGETED_DEVICE_FAMILY = "1,2";
			};
			name = Release;
		};
		7F975AE524695ADE0050C98B /* Debug */ = {
			isa = XCBuildConfiguration;
			baseConfigurationReference = 09F5E8B7AD08F41292483BF6 /* Pods-CrazyTextTests.debug.xcconfig */;
			buildSettings = {
				ALWAYS_EMBED_SWIFT_STANDARD_LIBRARIES = YES;
				BUNDLE_LOADER = "$(TEST_HOST)";
				CODE_SIGN_STYLE = Automatic;
				INFOPLIST_FILE = CrazyTextTests/Info.plist;
				IPHONEOS_DEPLOYMENT_TARGET = 13.4;
				LD_RUNPATH_SEARCH_PATHS = (
					"$(inherited)",
					"@executable_path/Frameworks",
					"@loader_path/Frameworks",
				);
				PRODUCT_BUNDLE_IDENTIFIER = com.D.CrazyTextTests;
				PRODUCT_NAME = "$(TARGET_NAME)";
				SWIFT_VERSION = 5.0;
				TARGETED_DEVICE_FAMILY = "1,2";
				TEST_HOST = "$(BUILT_PRODUCTS_DIR)/CrazyText.app/CrazyText";
			};
			name = Debug;
		};
		7F975AE624695ADE0050C98B /* Release */ = {
			isa = XCBuildConfiguration;
			baseConfigurationReference = A86517479720259FC81861CB /* Pods-CrazyTextTests.release.xcconfig */;
			buildSettings = {
				ALWAYS_EMBED_SWIFT_STANDARD_LIBRARIES = YES;
				BUNDLE_LOADER = "$(TEST_HOST)";
				CODE_SIGN_STYLE = Automatic;
				INFOPLIST_FILE = CrazyTextTests/Info.plist;
				IPHONEOS_DEPLOYMENT_TARGET = 13.4;
				LD_RUNPATH_SEARCH_PATHS = (
					"$(inherited)",
					"@executable_path/Frameworks",
					"@loader_path/Frameworks",
				);
				PRODUCT_BUNDLE_IDENTIFIER = com.D.CrazyTextTests;
				PRODUCT_NAME = "$(TARGET_NAME)";
				SWIFT_VERSION = 5.0;
				TARGETED_DEVICE_FAMILY = "1,2";
				TEST_HOST = "$(BUILT_PRODUCTS_DIR)/CrazyText.app/CrazyText";
			};
			name = Release;
		};
		7F975AE824695ADE0050C98B /* Debug */ = {
			isa = XCBuildConfiguration;
			baseConfigurationReference = 2E7DA4EBEAD282D02D949A42 /* Pods-CrazyText-CrazyTextUITests.debug.xcconfig */;
			buildSettings = {
				ALWAYS_EMBED_SWIFT_STANDARD_LIBRARIES = YES;
				CODE_SIGN_STYLE = Automatic;
				INFOPLIST_FILE = CrazyTextUITests/Info.plist;
				LD_RUNPATH_SEARCH_PATHS = (
					"$(inherited)",
					"@executable_path/Frameworks",
					"@loader_path/Frameworks",
				);
				PRODUCT_BUNDLE_IDENTIFIER = com.D.CrazyTextUITests;
				PRODUCT_NAME = "$(TARGET_NAME)";
				SWIFT_VERSION = 5.0;
				TARGETED_DEVICE_FAMILY = "1,2";
				TEST_TARGET_NAME = CrazyText;
			};
			name = Debug;
		};
		7F975AE924695ADE0050C98B /* Release */ = {
			isa = XCBuildConfiguration;
			baseConfigurationReference = D22DDCBF71181299180C446F /* Pods-CrazyText-CrazyTextUITests.release.xcconfig */;
			buildSettings = {
				ALWAYS_EMBED_SWIFT_STANDARD_LIBRARIES = YES;
				CODE_SIGN_STYLE = Automatic;
				INFOPLIST_FILE = CrazyTextUITests/Info.plist;
				LD_RUNPATH_SEARCH_PATHS = (
					"$(inherited)",
					"@executable_path/Frameworks",
					"@loader_path/Frameworks",
				);
				PRODUCT_BUNDLE_IDENTIFIER = com.D.CrazyTextUITests;
				PRODUCT_NAME = "$(TARGET_NAME)";
				SWIFT_VERSION = 5.0;
				TARGETED_DEVICE_FAMILY = "1,2";
				TEST_TARGET_NAME = CrazyText;
			};
			name = Release;
		};
/* End XCBuildConfiguration section */

/* Begin XCConfigurationList section */
		7F975AB224695ADC0050C98B /* Build configuration list for PBXProject "CrazyText" */ = {
			isa = XCConfigurationList;
			buildConfigurations = (
				7F975ADF24695ADE0050C98B /* Debug */,
				7F975AE024695ADE0050C98B /* Release */,
			);
			defaultConfigurationIsVisible = 0;
			defaultConfigurationName = Release;
		};
		7F975AE124695ADE0050C98B /* Build configuration list for PBXNativeTarget "CrazyText" */ = {
			isa = XCConfigurationList;
			buildConfigurations = (
				7F975AE224695ADE0050C98B /* Debug */,
				7F975AE324695ADE0050C98B /* Release */,
			);
			defaultConfigurationIsVisible = 0;
			defaultConfigurationName = Release;
		};
		7F975AE424695ADE0050C98B /* Build configuration list for PBXNativeTarget "CrazyTextTests" */ = {
			isa = XCConfigurationList;
			buildConfigurations = (
				7F975AE524695ADE0050C98B /* Debug */,
				7F975AE624695ADE0050C98B /* Release */,
			);
			defaultConfigurationIsVisible = 0;
			defaultConfigurationName = Release;
		};
		7F975AE724695ADE0050C98B /* Build configuration list for PBXNativeTarget "CrazyTextUITests" */ = {
			isa = XCConfigurationList;
			buildConfigurations = (
				7F975AE824695ADE0050C98B /* Debug */,
				7F975AE924695ADE0050C98B /* Release */,
			);
			defaultConfigurationIsVisible = 0;
			defaultConfigurationName = Release;
		};
/* End XCConfigurationList section */
	};
	rootObject = 7F975AAF24695ADC0050C98B /* Project object */;
}
